// !$*UTF8*$!
{
	archiveVersion = 1;
	classes = {
	};
	objectVersion = 46;
	objects = {

/* Begin PBXBuildFile section */
		1128D1361E6214B500B4EE29 /* AppDelegate.swift in Sources */ = {isa = PBXBuildFile; fileRef = 1128D1351E6214B500B4EE29 /* AppDelegate.swift */; };
		1128D1381E6214B500B4EE29 /* MessageController.swift in Sources */ = {isa = PBXBuildFile; fileRef = 1128D1371E6214B500B4EE29 /* MessageController.swift */; };
		1128D13B1E6214B500B4EE29 /* Main.storyboard in Resources */ = {isa = PBXBuildFile; fileRef = 1128D1391E6214B500B4EE29 /* Main.storyboard */; };
		1128D13D1E6214B500B4EE29 /* Assets.xcassets in Resources */ = {isa = PBXBuildFile; fileRef = 1128D13C1E6214B500B4EE29 /* Assets.xcassets */; };
		1128D1401E6214B500B4EE29 /* LaunchScreen.storyboard in Resources */ = {isa = PBXBuildFile; fileRef = 1128D13E1E6214B500B4EE29 /* LaunchScreen.storyboard */; };
		1128D1491E62175F00B4EE29 /* LoginController.swift in Sources */ = {isa = PBXBuildFile; fileRef = 1128D1481E62175F00B4EE29 /* LoginController.swift */; };
		1128D14B1E6287ED00B4EE29 /* GoogleService-Info.plist in Resources */ = {isa = PBXBuildFile; fileRef = 1128D14A1E6287ED00B4EE29 /* GoogleService-Info.plist */; };
		1181FD5D1E63ED0900762FD1 /* LoginController_Handlers.swift in Sources */ = {isa = PBXBuildFile; fileRef = 1181FD5C1E63ED0900762FD1 /* LoginController_Handlers.swift */; };
		118F2CFC1E63BC2C004D06A7 /* NewMessageController.swift in Sources */ = {isa = PBXBuildFile; fileRef = 118F2CFB1E63BC2C004D06A7 /* NewMessageController.swift */; };
		118F2CFF1E63CBDD004D06A7 /* User.swift in Sources */ = {isa = PBXBuildFile; fileRef = 118F2CFE1E63CBDD004D06A7 /* User.swift */; };
		CBF611581469B61A950CC46A /* Pods_DawgChat.framework in Frameworks */ = {isa = PBXBuildFile; fileRef = 4DEA971CC7126E46D79B59AA /* Pods_DawgChat.framework */; };
/* End PBXBuildFile section */

/* Begin PBXFileReference section */
		1128D1321E6214B500B4EE29 /* DawgChat.app */ = {isa = PBXFileReference; explicitFileType = wrapper.application; includeInIndex = 0; path = DawgChat.app; sourceTree = BUILT_PRODUCTS_DIR; };
		1128D1351E6214B500B4EE29 /* AppDelegate.swift */ = {isa = PBXFileReference; lastKnownFileType = sourcecode.swift; path = AppDelegate.swift; sourceTree = "<group>"; };
		1128D1371E6214B500B4EE29 /* MessageController.swift */ = {isa = PBXFileReference; lastKnownFileType = sourcecode.swift; path = MessageController.swift; sourceTree = "<group>"; };
		1128D13A1E6214B500B4EE29 /* Base */ = {isa = PBXFileReference; lastKnownFileType = file.storyboard; name = Base; path = Base.lproj/Main.storyboard; sourceTree = "<group>"; };
		1128D13C1E6214B500B4EE29 /* Assets.xcassets */ = {isa = PBXFileReference; lastKnownFileType = folder.assetcatalog; path = Assets.xcassets; sourceTree = "<group>"; };
		1128D13F1E6214B500B4EE29 /* Base */ = {isa = PBXFileReference; lastKnownFileType = file.storyboard; name = Base; path = Base.lproj/LaunchScreen.storyboard; sourceTree = "<group>"; };
		1128D1411E6214B500B4EE29 /* Info.plist */ = {isa = PBXFileReference; lastKnownFileType = text.plist.xml; path = Info.plist; sourceTree = "<group>"; };
		1128D1481E62175F00B4EE29 /* LoginController.swift */ = {isa = PBXFileReference; fileEncoding = 4; lastKnownFileType = sourcecode.swift; path = LoginController.swift; sourceTree = "<group>"; };
		1128D14A1E6287ED00B4EE29 /* GoogleService-Info.plist */ = {isa = PBXFileReference; fileEncoding = 4; lastKnownFileType = text.plist.xml; path = "GoogleService-Info.plist"; sourceTree = "<group>"; };
		1181FD5C1E63ED0900762FD1 /* LoginController_Handlers.swift */ = {isa = PBXFileReference; fileEncoding = 4; lastKnownFileType = sourcecode.swift; path = LoginController_Handlers.swift; sourceTree = "<group>"; };
		118F2CFB1E63BC2C004D06A7 /* NewMessageController.swift */ = {isa = PBXFileReference; fileEncoding = 4; lastKnownFileType = sourcecode.swift; path = NewMessageController.swift; sourceTree = "<group>"; };
		118F2CFE1E63CBDD004D06A7 /* User.swift */ = {isa = PBXFileReference; fileEncoding = 4; lastKnownFileType = sourcecode.swift; path = User.swift; sourceTree = "<group>"; };
		4DEA971CC7126E46D79B59AA /* Pods_DawgChat.framework */ = {isa = PBXFileReference; explicitFileType = wrapper.framework; includeInIndex = 0; path = Pods_DawgChat.framework; sourceTree = BUILT_PRODUCTS_DIR; };
		8E5D13148407FD6F8B4A924E /* Pods-DawgChat.release.xcconfig */ = {isa = PBXFileReference; includeInIndex = 1; lastKnownFileType = text.xcconfig; name = "Pods-DawgChat.release.xcconfig"; path = "Pods/Target Support Files/Pods-DawgChat/Pods-DawgChat.release.xcconfig"; sourceTree = "<group>"; };
		CF42E94C18E97B560460EE9E /* Pods-DawgChat.debug.xcconfig */ = {isa = PBXFileReference; includeInIndex = 1; lastKnownFileType = text.xcconfig; name = "Pods-DawgChat.debug.xcconfig"; path = "Pods/Target Support Files/Pods-DawgChat/Pods-DawgChat.debug.xcconfig"; sourceTree = "<group>"; };
/* End PBXFileReference section */

/* Begin PBXFrameworksBuildPhase section */
		1128D12F1E6214B500B4EE29 /* Frameworks */ = {
			isa = PBXFrameworksBuildPhase;
			buildActionMask = 2147483647;
			files = (
				CBF611581469B61A950CC46A /* Pods_DawgChat.framework in Frameworks */,
			);
			runOnlyForDeploymentPostprocessing = 0;
		};
/* End PBXFrameworksBuildPhase section */

/* Begin PBXGroup section */
		1128D1291E6214B500B4EE29 = {
			isa = PBXGroup;
			children = (
				1128D1341E6214B500B4EE29 /* DawgChat */,
				1128D1331E6214B500B4EE29 /* Products */,
				FBE4F156AB5C84DBB3BC07AF /* Pods */,
				8F57C9D6D9CF332E8DA61709 /* Frameworks */,
			);
			sourceTree = "<group>";
		};
		1128D1331E6214B500B4EE29 /* Products */ = {
			isa = PBXGroup;
			children = (
				1128D1321E6214B500B4EE29 /* DawgChat.app */,
			);
			name = Products;
			sourceTree = "<group>";
		};
		1128D1341E6214B500B4EE29 /* DawgChat */ = {
			isa = PBXGroup;
			children = (
				118F2CFD1E63CBC7004D06A7 /* Model */,
				1128D1471E62173C00B4EE29 /* Controller */,
				1128D1351E6214B500B4EE29 /* AppDelegate.swift */,
				1128D1391E6214B500B4EE29 /* Main.storyboard */,
				1128D13C1E6214B500B4EE29 /* Assets.xcassets */,
				1128D13E1E6214B500B4EE29 /* LaunchScreen.storyboard */,
				1128D1411E6214B500B4EE29 /* Info.plist */,
				1128D14A1E6287ED00B4EE29 /* GoogleService-Info.plist */,
			);
			path = DawgChat;
			sourceTree = "<group>";
		};
		1128D1471E62173C00B4EE29 /* Controller */ = {
			isa = PBXGroup;
			children = (
				1128D1481E62175F00B4EE29 /* LoginController.swift */,
				1128D1371E6214B500B4EE29 /* MessageController.swift */,
				118F2CFB1E63BC2C004D06A7 /* NewMessageController.swift */,
				1181FD5C1E63ED0900762FD1 /* LoginController_Handlers.swift */,
			);
			name = Controller;
			sourceTree = "<group>";
		};
		118F2CFD1E63CBC7004D06A7 /* Model */ = {
			isa = PBXGroup;
			children = (
				118F2CFE1E63CBDD004D06A7 /* User.swift */,
			);
			name = Model;
			sourceTree = "<group>";
		};
		8F57C9D6D9CF332E8DA61709 /* Frameworks */ = {
			isa = PBXGroup;
			children = (
				4DEA971CC7126E46D79B59AA /* Pods_DawgChat.framework */,
			);
			name = Frameworks;
			sourceTree = "<group>";
		};
		FBE4F156AB5C84DBB3BC07AF /* Pods */ = {
			isa = PBXGroup;
			children = (
				CF42E94C18E97B560460EE9E /* Pods-DawgChat.debug.xcconfig */,
				8E5D13148407FD6F8B4A924E /* Pods-DawgChat.release.xcconfig */,
			);
			name = Pods;
			sourceTree = "<group>";
		};
/* End PBXGroup section */

/* Begin PBXNativeTarget section */
		1128D1311E6214B500B4EE29 /* DawgChat */ = {
			isa = PBXNativeTarget;
			buildConfigurationList = 1128D1441E6214B500B4EE29 /* Build configuration list for PBXNativeTarget "DawgChat" */;
			buildPhases = (
				1AF60C4D8440E0DFD363BA15 /* [CP] Check Pods Manifest.lock */,
				1128D12E1E6214B500B4EE29 /* Sources */,
				1128D12F1E6214B500B4EE29 /* Frameworks */,
				1128D1301E6214B500B4EE29 /* Resources */,
				4AD0531208EF70E704D7365D /* [CP] Embed Pods Frameworks */,
				9BAD0E974A0AE551EEA8F46C /* [CP] Copy Pods Resources */,
			);
			buildRules = (
			);
			dependencies = (
			);
			name = DawgChat;
			productName = DawgChat;
			productReference = 1128D1321E6214B500B4EE29 /* DawgChat.app */;
			productType = "com.apple.product-type.application";
		};
/* End PBXNativeTarget section */

/* Begin PBXProject section */
		1128D12A1E6214B500B4EE29 /* Project object */ = {
			isa = PBXProject;
			attributes = {
				LastSwiftUpdateCheck = 0820;
				LastUpgradeCheck = 0820;
				ORGANIZATIONNAME = Zac;
				TargetAttributes = {
					1128D1311E6214B500B4EE29 = {
						CreatedOnToolsVersion = 8.2.1;
						DevelopmentTeam = D4VUX96KKD;
						ProvisioningStyle = Automatic;
					};
				};
			};
			buildConfigurationList = 1128D12D1E6214B500B4EE29 /* Build configuration list for PBXProject "DawgChat" */;
			compatibilityVersion = "Xcode 3.2";
			developmentRegion = English;
			hasScannedForEncodings = 0;
			knownRegions = (
				en,
				Base,
			);
			mainGroup = 1128D1291E6214B500B4EE29;
			productRefGroup = 1128D1331E6214B500B4EE29 /* Products */;
			projectDirPath = "";
			projectRoot = "";
			targets = (
				1128D1311E6214B500B4EE29 /* DawgChat */,
			);
		};
/* End PBXProject section */

/* Begin PBXResourcesBuildPhase section */
		1128D1301E6214B500B4EE29 /* Resources */ = {
			isa = PBXResourcesBuildPhase;
			buildActionMask = 2147483647;
			files = (
				1128D1401E6214B500B4EE29 /* LaunchScreen.storyboard in Resources */,
				1128D14B1E6287ED00B4EE29 /* GoogleService-Info.plist in Resources */,
				1128D13D1E6214B500B4EE29 /* Assets.xcassets in Resources */,
				1128D13B1E6214B500B4EE29 /* Main.storyboard in Resources */,
			);
			runOnlyForDeploymentPostprocessing = 0;
		};
/* End PBXResourcesBuildPhase section */

/* Begin PBXShellScriptBuildPhase section */
		1AF60C4D8440E0DFD363BA15 /* [CP] Check Pods Manifest.lock */ = {
			isa = PBXShellScriptBuildPhase;
			buildActionMask = 2147483647;
			files = (
			);
			inputPaths = (
			);
			name = "[CP] Check Pods Manifest.lock";
			outputPaths = (
			);
			runOnlyForDeploymentPostprocessing = 0;
			shellPath = /bin/sh;
			shellScript = "diff \"${PODS_ROOT}/../Podfile.lock\" \"${PODS_ROOT}/Manifest.lock\" > /dev/null\nif [[ $? != 0 ]] ; then\n    cat << EOM\nerror: The sandbox is not in sync with the Podfile.lock. Run 'pod install' or update your CocoaPods installation.\nEOM\n    exit 1\nfi\n";
			showEnvVarsInLog = 0;
		};
		4AD0531208EF70E704D7365D /* [CP] Embed Pods Frameworks */ = {
			isa = PBXShellScriptBuildPhase;
			buildActionMask = 2147483647;
			files = (
			);
			inputPaths = (
			);
			name = "[CP] Embed Pods Frameworks";
			outputPaths = (
			);
			runOnlyForDeploymentPostprocessing = 0;
			shellPath = /bin/sh;
			shellScript = "\"${SRCROOT}/Pods/Target Support Files/Pods-DawgChat/Pods-DawgChat-frameworks.sh\"\n";
			showEnvVarsInLog = 0;
		};
		9BAD0E974A0AE551EEA8F46C /* [CP] Copy Pods Resources */ = {
			isa = PBXShellScriptBuildPhase;
			buildActionMask = 2147483647;
			files = (
			);
			inputPaths = (
			);
			name = "[CP] Copy Pods Resources";
			outputPaths = (
			);
			runOnlyForDeploymentPostprocessing = 0;
			shellPath = /bin/sh;
			shellScript = "\"${SRCROOT}/Pods/Target Support Files/Pods-DawgChat/Pods-DawgChat-resources.sh\"\n";
			showEnvVarsInLog = 0;
		};
/* End PBXShellScriptBuildPhase section */

/* Begin PBXSourcesBuildPhase section */
		1128D12E1E6214B500B4EE29 /* Sources */ = {
			isa = PBXSourcesBuildPhase;
			buildActionMask = 2147483647;
			files = (
				118F2CFC1E63BC2C004D06A7 /* NewMessageController.swift in Sources */,
				1128D1381E6214B500B4EE29 /* MessageController.swift in Sources */,
				1128D1491E62175F00B4EE29 /* LoginController.swift in Sources */,
				118F2CFF1E63CBDD004D06A7 /* User.swift in Sources */,
				1181FD5D1E63ED0900762FD1 /* LoginController_Handlers.swift in Sources */,
				1128D1361E6214B500B4EE29 /* AppDelegate.swift in Sources */,
			);
			runOnlyForDeploymentPostprocessing = 0;
		};
/* End PBXSourcesBuildPhase section */

/* Begin PBXVariantGroup section */
		1128D1391E6214B500B4EE29 /* Main.storyboard */ = {
			isa = PBXVariantGroup;
			children = (
				1128D13A1E6214B500B4EE29 /* Base */,
			);
			name = Main.storyboard;
			sourceTree = "<group>";
		};
		1128D13E1E6214B500B4EE29 /* LaunchScreen.storyboard */ = {
			isa = PBXVariantGroup;
			children = (
				1128D13F1E6214B500B4EE29 /* Base */,
			);
			name = LaunchScreen.storyboard;
			sourceTree = "<group>";
		};
/* End PBXVariantGroup section */

/* Begin XCBuildConfiguration section */
		1128D1421E6214B500B4EE29 /* Debug */ = {
			isa = XCBuildConfiguration;
			buildSettings = {
				ALWAYS_SEARCH_USER_PATHS = NO;
				CLANG_ANALYZER_NONNULL = YES;
				CLANG_CXX_LANGUAGE_STANDARD = "gnu++0x";
				CLANG_CXX_LIBRARY = "libc++";
				CLANG_ENABLE_MODULES = YES;
				CLANG_ENABLE_OBJC_ARC = YES;
				CLANG_WARN_BOOL_CONVERSION = YES;
				CLANG_WARN_CONSTANT_CONVERSION = YES;
				CLANG_WARN_DIRECT_OBJC_ISA_USAGE = YES_ERROR;
				CLANG_WARN_DOCUMENTATION_COMMENTS = YES;
				CLANG_WARN_EMPTY_BODY = YES;
				CLANG_WARN_ENUM_CONVERSION = YES;
				CLANG_WARN_INFINITE_RECURSION = YES;
				CLANG_WARN_INT_CONVERSION = YES;
				CLANG_WARN_OBJC_ROOT_CLASS = YES_ERROR;
				CLANG_WARN_SUSPICIOUS_MOVE = YES;
				CLANG_WARN_UNREACHABLE_CODE = YES;
				CLANG_WARN__DUPLICATE_METHOD_MATCH = YES;
				"CODE_SIGN_IDENTITY[sdk=iphoneos*]" = "iPhone Developer";
				COPY_PHASE_STRIP = NO;
				DEBUG_INFORMATION_FORMAT = dwarf;
				ENABLE_STRICT_OBJC_MSGSEND = YES;
				ENABLE_TESTABILITY = YES;
				GCC_C_LANGUAGE_STANDARD = gnu99;
				GCC_DYNAMIC_NO_PIC = NO;
				GCC_NO_COMMON_BLOCKS = YES;
				GCC_OPTIMIZATION_LEVEL = 0;
				GCC_PREPROCESSOR_DEFINITIONS = (
					"DEBUG=1",
					"$(inherited)",
				);
				GCC_WARN_64_TO_32_BIT_CONVERSION = YES;
				GCC_WARN_ABOUT_RETURN_TYPE = YES_ERROR;
				GCC_WARN_UNDECLARED_SELECTOR = YES;
				GCC_WARN_UNINITIALIZED_AUTOS = YES_AGGRESSIVE;
				GCC_WARN_UNUSED_FUNCTION = YES;
				GCC_WARN_UNUSED_VARIABLE = YES;
				IPHONEOS_DEPLOYMENT_TARGET = 10.2;
				MTL_ENABLE_DEBUG_INFO = YES;
				ONLY_ACTIVE_ARCH = YES;
				SDKROOT = iphoneos;
				SWIFT_ACTIVE_COMPILATION_CONDITIONS = DEBUG;
				SWIFT_OPTIMIZATION_LEVEL = "-Onone";
				TARGETED_DEVICE_FAMILY = "1,2";
			};
			name = Debug;
		};
		1128D1431E6214B500B4EE29 /* Release */ = {
			isa = XCBuildConfiguration;
			buildSettings = {
				ALWAYS_SEARCH_USER_PATHS = NO;
				CLANG_ANALYZER_NONNULL = YES;
				CLANG_CXX_LANGUAGE_STANDARD = "gnu++0x";
				CLANG_CXX_LIBRARY = "libc++";
				CLANG_ENABLE_MODULES = YES;
				CLANG_ENABLE_OBJC_ARC = YES;
				CLANG_WARN_BOOL_CONVERSION = YES;
				CLANG_WARN_CONSTANT_CONVERSION = YES;
				CLANG_WARN_DIRECT_OBJC_ISA_USAGE = YES_ERROR;
				CLANG_WARN_DOCUMENTATION_COMMENTS = YES;
				CLANG_WARN_EMPTY_BODY = YES;
				CLANG_WARN_ENUM_CONVERSION = YES;
				CLANG_WARN_INFINITE_RECURSION = YES;
				CLANG_WARN_INT_CONVERSION = YES;
				CLANG_WARN_OBJC_ROOT_CLASS = YES_ERROR;
				CLANG_WARN_SUSPICIOUS_MOVE = YES;
				CLANG_WARN_UNREACHABLE_CODE = YES;
				CLANG_WARN__DUPLICATE_METHOD_MATCH = YES;
				"CODE_SIGN_IDENTITY[sdk=iphoneos*]" = "iPhone Developer";
				COPY_PHASE_STRIP = NO;
				DEBUG_INFORMATION_FORMAT = "dwarf-with-dsym";
				ENABLE_NS_ASSERTIONS = NO;
				ENABLE_STRICT_OBJC_MSGSEND = YES;
				GCC_C_LANGUAGE_STANDARD = gnu99;
				GCC_NO_COMMON_BLOCKS = YES;
				GCC_WARN_64_TO_32_BIT_CONVERSION = YES;
				GCC_WARN_ABOUT_RETURN_TYPE = YES_ERROR;
				GCC_WARN_UNDECLARED_SELECTOR = YES;
				GCC_WARN_UNINITIALIZED_AUTOS = YES_AGGRESSIVE;
				GCC_WARN_UNUSED_FUNCTION = YES;
				GCC_WARN_UNUSED_VARIABLE = YES;
				IPHONEOS_DEPLOYMENT_TARGET = 10.2;
				MTL_ENABLE_DEBUG_INFO = NO;
				SDKROOT = iphoneos;
				SWIFT_OPTIMIZATION_LEVEL = "-Owholemodule";
				TARGETED_DEVICE_FAMILY = "1,2";
				VALIDATE_PRODUCT = YES;
			};
			name = Release;
		};
		1128D1451E6214B500B4EE29 /* Debug */ = {
			isa = XCBuildConfiguration;
			baseConfigurationReference = CF42E94C18E97B560460EE9E /* Pods-DawgChat.debug.xcconfig */;
			buildSettings = {
				ASSETCATALOG_COMPILER_APPICON_NAME = AppIcon;
				DEVELOPMENT_TEAM = D4VUX96KKD;
				INFOPLIST_FILE = DawgChat/Info.plist;
				LD_RUNPATH_SEARCH_PATHS = "$(inherited) @executable_path/Frameworks";
				PRODUCT_BUNDLE_IDENTIFIER = com.Zac.DawgChat;
				PRODUCT_NAME = "$(TARGET_NAME)";
				SWIFT_VERSION = 3.0;
			};
			name = Debug;
		};
		1128D1461E6214B500B4EE29 /* Release */ = {
			isa = XCBuildConfiguration;
			baseConfigurationReference = 8E5D13148407FD6F8B4A924E /* Pods-DawgChat.release.xcconfig */;
			buildSettings = {
				ASSETCATALOG_COMPILER_APPICON_NAME = AppIcon;
				DEVELOPMENT_TEAM = D4VUX96KKD;
				INFOPLIST_FILE = DawgChat/Info.plist;
				LD_RUNPATH_SEARCH_PATHS = "$(inherited) @executable_path/Frameworks";
				PRODUCT_BUNDLE_IDENTIFIER = com.Zac.DawgChat;
				PRODUCT_NAME = "$(TARGET_NAME)";
				SWIFT_VERSION = 3.0;
			};
			name = Release;
		};
/* End XCBuildConfiguration section */

/* Begin XCConfigurationList section */
		1128D12D1E6214B500B4EE29 /* Build configuration list for PBXProject "DawgChat" */ = {
			isa = XCConfigurationList;
			buildConfigurations = (
				1128D1421E6214B500B4EE29 /* Debug */,
				1128D1431E6214B500B4EE29 /* Release */,
			);
			defaultConfigurationIsVisible = 0;
			defaultConfigurationName = Release;
		};
		1128D1441E6214B500B4EE29 /* Build configuration list for PBXNativeTarget "DawgChat" */ = {
			isa = XCConfigurationList;
			buildConfigurations = (
				1128D1451E6214B500B4EE29 /* Debug */,
				1128D1461E6214B500B4EE29 /* Release */,
			);
			defaultConfigurationIsVisible = 0;
			defaultConfigurationName = Release;
		};
/* End XCConfigurationList section */
	};
	rootObject = 1128D12A1E6214B500B4EE29 /* Project object */;
}
